// !$*UTF8*$!
{
	archiveVersion = 1;
	classes = {
	};
	objectVersion = 56;
	objects = {

/* Begin PBXBuildFile section */
		2FE6FB0E2922C1FF000AC3B1 /* SignupView.swift in Sources */ = {isa = PBXBuildFile; fileRef = 2FE6FB0D2922C1FF000AC3B1 /* SignupView.swift */; };
		2FE6FB11292551EC000AC3B1 /* FirebaseAuth in Frameworks */ = {isa = PBXBuildFile; productRef = 2FE6FB10292551EC000AC3B1 /* FirebaseAuth */; };
		2FE6FB13292551EC000AC3B1 /* FirebaseFirestore in Frameworks */ = {isa = PBXBuildFile; productRef = 2FE6FB12292551EC000AC3B1 /* FirebaseFirestore */; };
		2FE6FB1529255290000AC3B1 /* GoogleService-Info.plist in Resources */ = {isa = PBXBuildFile; fileRef = 2FE6FB1429255290000AC3B1 /* GoogleService-Info.plist */; };
		2FE6FB172925915B000AC3B1 /* LoginView.swift in Sources */ = {isa = PBXBuildFile; fileRef = 2FE6FB162925915B000AC3B1 /* LoginView.swift */; };
		3A2CAFA32913146D008BDF3A /* BurtonAndDogsApp.swift in Sources */ = {isa = PBXBuildFile; fileRef = 3A2CAFA22913146D008BDF3A /* BurtonAndDogsApp.swift */; };
		3A2CAFA52913146D008BDF3A /* WelcomePageView.swift in Sources */ = {isa = PBXBuildFile; fileRef = 3A2CAFA42913146D008BDF3A /* WelcomePageView.swift */; };
		3A2CAFA72913147F008BDF3A /* Assets.xcassets in Resources */ = {isa = PBXBuildFile; fileRef = 3A2CAFA62913147F008BDF3A /* Assets.xcassets */; };
		3A2CAFAA2913147F008BDF3A /* Preview Assets.xcassets in Resources */ = {isa = PBXBuildFile; fileRef = 3A2CAFA92913147F008BDF3A /* Preview Assets.xcassets */; };
		3A2CAFB129131F7A008BDF3A /* Model.swift in Sources */ = {isa = PBXBuildFile; fileRef = 3A2CAFB029131F7A008BDF3A /* Model.swift */; };
		3A2CAFB329131F89008BDF3A /* ViewModel.swift in Sources */ = {isa = PBXBuildFile; fileRef = 3A2CAFB229131F89008BDF3A /* ViewModel.swift */; };
		3A2CAFB529133225008BDF3A /* DogWalkingView.swift in Sources */ = {isa = PBXBuildFile; fileRef = 3A2CAFB429133225008BDF3A /* DogWalkingView.swift */; };
		3A2CAFB729133235008BDF3A /* HouseSittingView.swift in Sources */ = {isa = PBXBuildFile; fileRef = 3A2CAFB629133235008BDF3A /* HouseSittingView.swift */; };
		3A2CAFB929136AD5008BDF3A /* CartView.swift in Sources */ = {isa = PBXBuildFile; fileRef = 3A2CAFB829136AD5008BDF3A /* CartView.swift */; };
		F61C0ECB2938756C00CAC8DC /* ConfirmView.swift in Sources */ = {isa = PBXBuildFile; fileRef = F61C0ECA2938756C00CAC8DC /* ConfirmView.swift */; };
/* End PBXBuildFile section */

/* Begin PBXFileReference section */
		2FE6FB0D2922C1FF000AC3B1 /* SignupView.swift */ = {isa = PBXFileReference; lastKnownFileType = sourcecode.swift; path = SignupView.swift; sourceTree = "<group>"; };
		2FE6FB1429255290000AC3B1 /* GoogleService-Info.plist */ = {isa = PBXFileReference; fileEncoding = 4; lastKnownFileType = text.plist.xml; path = "GoogleService-Info.plist"; sourceTree = "<group>"; };
		2FE6FB162925915B000AC3B1 /* LoginView.swift */ = {isa = PBXFileReference; lastKnownFileType = sourcecode.swift; path = LoginView.swift; sourceTree = "<group>"; };
		3A2CAF9F2913146D008BDF3A /* BurtonAndDogs.app */ = {isa = PBXFileReference; explicitFileType = wrapper.application; includeInIndex = 0; path = BurtonAndDogs.app; sourceTree = BUILT_PRODUCTS_DIR; };
		3A2CAFA22913146D008BDF3A /* BurtonAndDogsApp.swift */ = {isa = PBXFileReference; lastKnownFileType = sourcecode.swift; path = BurtonAndDogsApp.swift; sourceTree = "<group>"; };
		3A2CAFA42913146D008BDF3A /* WelcomePageView.swift */ = {isa = PBXFileReference; lastKnownFileType = sourcecode.swift; path = WelcomePageView.swift; sourceTree = "<group>"; };
		3A2CAFA62913147F008BDF3A /* Assets.xcassets */ = {isa = PBXFileReference; lastKnownFileType = folder.assetcatalog; path = Assets.xcassets; sourceTree = "<group>"; };
		3A2CAFA92913147F008BDF3A /* Preview Assets.xcassets */ = {isa = PBXFileReference; lastKnownFileType = folder.assetcatalog; path = "Preview Assets.xcassets"; sourceTree = "<group>"; };
		3A2CAFB029131F7A008BDF3A /* Model.swift */ = {isa = PBXFileReference; lastKnownFileType = sourcecode.swift; path = Model.swift; sourceTree = "<group>"; };
		3A2CAFB229131F89008BDF3A /* ViewModel.swift */ = {isa = PBXFileReference; lastKnownFileType = sourcecode.swift; path = ViewModel.swift; sourceTree = "<group>"; };
		3A2CAFB429133225008BDF3A /* DogWalkingView.swift */ = {isa = PBXFileReference; lastKnownFileType = sourcecode.swift; path = DogWalkingView.swift; sourceTree = "<group>"; };
		3A2CAFB629133235008BDF3A /* HouseSittingView.swift */ = {isa = PBXFileReference; lastKnownFileType = sourcecode.swift; path = HouseSittingView.swift; sourceTree = "<group>"; };
		3A2CAFB829136AD5008BDF3A /* CartView.swift */ = {isa = PBXFileReference; lastKnownFileType = sourcecode.swift; path = CartView.swift; sourceTree = "<group>"; };
		F61C0ECA2938756C00CAC8DC /* ConfirmView.swift */ = {isa = PBXFileReference; lastKnownFileType = sourcecode.swift; path = ConfirmView.swift; sourceTree = "<group>"; };
/* End PBXFileReference section */

/* Begin PBXFrameworksBuildPhase section */
		3A2CAF9C2913146D008BDF3A /* Frameworks */ = {
			isa = PBXFrameworksBuildPhase;
			buildActionMask = 2147483647;
			files = (
				2FE6FB11292551EC000AC3B1 /* FirebaseAuth in Frameworks */,
				2FE6FB13292551EC000AC3B1 /* FirebaseFirestore in Frameworks */,
			);
			runOnlyForDeploymentPostprocessing = 0;
		};
/* End PBXFrameworksBuildPhase section */

/* Begin PBXGroup section */
		3A2CAF962913146D008BDF3A = {
			isa = PBXGroup;
			children = (
				3A2CAFA12913146D008BDF3A /* BurtonAndDogs */,
				3A2CAFA02913146D008BDF3A /* Products */,
			);
			sourceTree = "<group>";
		};
		3A2CAFA02913146D008BDF3A /* Products */ = {
			isa = PBXGroup;
			children = (
				3A2CAF9F2913146D008BDF3A /* BurtonAndDogs.app */,
			);
			name = Products;
			sourceTree = "<group>";
		};
		3A2CAFA12913146D008BDF3A /* BurtonAndDogs */ = {
			isa = PBXGroup;
			children = (
				2FE6FB1429255290000AC3B1 /* GoogleService-Info.plist */,
				3A2CAFA22913146D008BDF3A /* BurtonAndDogsApp.swift */,
				3A2CAFA42913146D008BDF3A /* WelcomePageView.swift */,
				3A2CAFB429133225008BDF3A /* DogWalkingView.swift */,
				3A2CAFB629133235008BDF3A /* HouseSittingView.swift */,
				3A2CAFB829136AD5008BDF3A /* CartView.swift */,
				3A2CAFB029131F7A008BDF3A /* Model.swift */,
				3A2CAFB229131F89008BDF3A /* ViewModel.swift */,
				3A2CAFA62913147F008BDF3A /* Assets.xcassets */,
				3A2CAFA82913147F008BDF3A /* Preview Content */,
				2FE6FB0D2922C1FF000AC3B1 /* SignupView.swift */,
				2FE6FB162925915B000AC3B1 /* LoginView.swift */,
				F61C0ECA2938756C00CAC8DC /* ConfirmView.swift */,
			);
			path = BurtonAndDogs;
			sourceTree = "<group>";
		};
		3A2CAFA82913147F008BDF3A /* Preview Content */ = {
			isa = PBXGroup;
			children = (
				3A2CAFA92913147F008BDF3A /* Preview Assets.xcassets */,
			);
			path = "Preview Content";
			sourceTree = "<group>";
		};
/* End PBXGroup section */

/* Begin PBXNativeTarget section */
		3A2CAF9E2913146D008BDF3A /* BurtonAndDogs */ = {
			isa = PBXNativeTarget;
			buildConfigurationList = 3A2CAFAD2913147F008BDF3A /* Build configuration list for PBXNativeTarget "BurtonAndDogs" */;
			buildPhases = (
				3A2CAF9B2913146D008BDF3A /* Sources */,
				3A2CAF9C2913146D008BDF3A /* Frameworks */,
				3A2CAF9D2913146D008BDF3A /* Resources */,
			);
			buildRules = (
			);
			dependencies = (
			);
			name = BurtonAndDogs;
			packageProductDependencies = (
				2FE6FB10292551EC000AC3B1 /* FirebaseAuth */,
				2FE6FB12292551EC000AC3B1 /* FirebaseFirestore */,
			);
			productName = BurtonAndDogs;
			productReference = 3A2CAF9F2913146D008BDF3A /* BurtonAndDogs.app */;
			productType = "com.apple.product-type.application";
		};
/* End PBXNativeTarget section */

/* Begin PBXProject section */
		3A2CAF972913146D008BDF3A /* Project object */ = {
			isa = PBXProject;
			attributes = {
				BuildIndependentTargetsInParallel = 1;
				LastSwiftUpdateCheck = 1400;
				LastUpgradeCheck = 1400;
				TargetAttributes = {
					3A2CAF9E2913146D008BDF3A = {
						CreatedOnToolsVersion = 14.0.1;
					};
				};
			};
			buildConfigurationList = 3A2CAF9A2913146D008BDF3A /* Build configuration list for PBXProject "BurtonAndDogs" */;
			compatibilityVersion = "Xcode 14.0";
			developmentRegion = en;
			hasScannedForEncodings = 0;
			knownRegions = (
				en,
				Base,
			);
			mainGroup = 3A2CAF962913146D008BDF3A;
			packageReferences = (
				2FE6FB0F292551EB000AC3B1 /* XCRemoteSwiftPackageReference "firebase-ios-sdk" */,
			);
			productRefGroup = 3A2CAFA02913146D008BDF3A /* Products */;
			projectDirPath = "";
			projectRoot = "";
			targets = (
				3A2CAF9E2913146D008BDF3A /* BurtonAndDogs */,
			);
		};
/* End PBXProject section */

/* Begin PBXResourcesBuildPhase section */
		3A2CAF9D2913146D008BDF3A /* Resources */ = {
			isa = PBXResourcesBuildPhase;
			buildActionMask = 2147483647;
			files = (
				3A2CAFAA2913147F008BDF3A /* Preview Assets.xcassets in Resources */,
				3A2CAFA72913147F008BDF3A /* Assets.xcassets in Resources */,
				2FE6FB1529255290000AC3B1 /* GoogleService-Info.plist in Resources */,
			);
			runOnlyForDeploymentPostprocessing = 0;
		};
/* End PBXResourcesBuildPhase section */

/* Begin PBXSourcesBuildPhase section */
		3A2CAF9B2913146D008BDF3A /* Sources */ = {
			isa = PBXSourcesBuildPhase;
			buildActionMask = 2147483647;
			files = (
				3A2CAFB129131F7A008BDF3A /* Model.swift in Sources */,
				3A2CAFB929136AD5008BDF3A /* CartView.swift in Sources */,
				3A2CAFB529133225008BDF3A /* DogWalkingView.swift in Sources */,
				F61C0ECB2938756C00CAC8DC /* ConfirmView.swift in Sources */,
				2FE6FB172925915B000AC3B1 /* LoginView.swift in Sources */,
				3A2CAFB729133235008BDF3A /* HouseSittingView.swift in Sources */,
				2FE6FB0E2922C1FF000AC3B1 /* SignupView.swift in Sources */,
				3A2CAFA52913146D008BDF3A /* WelcomePageView.swift in Sources */,
				3A2CAFB329131F89008BDF3A /* ViewModel.swift in Sources */,
				3A2CAFA32913146D008BDF3A /* BurtonAndDogsApp.swift in Sources */,
			);
			runOnlyForDeploymentPostprocessing = 0;
		};
/* End PBXSourcesBuildPhase section */

/* Begin XCBuildConfiguration section */
		3A2CAFAB2913147F008BDF3A /* Debug */ = {
			isa = XCBuildConfiguration;
			buildSettings = {
				ALWAYS_SEARCH_USER_PATHS = NO;
				CLANG_ANALYZER_NONNULL = YES;
				CLANG_ANALYZER_NUMBER_OBJECT_CONVERSION = YES_AGGRESSIVE;
				CLANG_CXX_LANGUAGE_STANDARD = "gnu++20";
				CLANG_ENABLE_MODULES = YES;
				CLANG_ENABLE_OBJC_ARC = YES;
				CLANG_ENABLE_OBJC_WEAK = YES;
				CLANG_WARN_BLOCK_CAPTURE_AUTORELEASING = YES;
				CLANG_WARN_BOOL_CONVERSION = YES;
				CLANG_WARN_COMMA = YES;
				CLANG_WARN_CONSTANT_CONVERSION = YES;
				CLANG_WARN_DEPRECATED_OBJC_IMPLEMENTATIONS = YES;
				CLANG_WARN_DIRECT_OBJC_ISA_USAGE = YES_ERROR;
				CLANG_WARN_DOCUMENTATION_COMMENTS = YES;
				CLANG_WARN_EMPTY_BODY = YES;
				CLANG_WARN_ENUM_CONVERSION = YES;
				CLANG_WARN_INFINITE_RECURSION = YES;
				CLANG_WARN_INT_CONVERSION = YES;
				CLANG_WARN_NON_LITERAL_NULL_CONVERSION = YES;
				CLANG_WARN_OBJC_IMPLICIT_RETAIN_SELF = YES;
				CLANG_WARN_OBJC_LITERAL_CONVERSION = YES;
				CLANG_WARN_OBJC_ROOT_CLASS = YES_ERROR;
				CLANG_WARN_QUOTED_INCLUDE_IN_FRAMEWORK_HEADER = YES;
				CLANG_WARN_RANGE_LOOP_ANALYSIS = YES;
				CLANG_WARN_STRICT_PROTOTYPES = YES;
				CLANG_WARN_SUSPICIOUS_MOVE = YES;
				CLANG_WARN_UNGUARDED_AVAILABILITY = YES_AGGRESSIVE;
				CLANG_WARN_UNREACHABLE_CODE = YES;
				CLANG_WARN__DUPLICATE_METHOD_MATCH = YES;
				COPY_PHASE_STRIP = NO;
				DEBUG_INFORMATION_FORMAT = dwarf;
				ENABLE_STRICT_OBJC_MSGSEND = YES;
				ENABLE_TESTABILITY = YES;
				GCC_C_LANGUAGE_STANDARD = gnu11;
				GCC_DYNAMIC_NO_PIC = NO;
				GCC_NO_COMMON_BLOCKS = YES;
				GCC_OPTIMIZATION_LEVEL = 0;
				GCC_PREPROCESSOR_DEFINITIONS = (
					"DEBUG=1",
					"$(inherited)",
				);
				GCC_WARN_64_TO_32_BIT_CONVERSION = YES;
				GCC_WARN_ABOUT_RETURN_TYPE = YES_ERROR;
				GCC_WARN_UNDECLARED_SELECTOR = YES;
				GCC_WARN_UNINITIALIZED_AUTOS = YES_AGGRESSIVE;
				GCC_WARN_UNUSED_FUNCTION = YES;
				GCC_WARN_UNUSED_VARIABLE = YES;
				IPHONEOS_DEPLOYMENT_TARGET = 16.0;
				MTL_ENABLE_DEBUG_INFO = INCLUDE_SOURCE;
				MTL_FAST_MATH = YES;
				ONLY_ACTIVE_ARCH = YES;
				SDKROOT = iphoneos;
				SWIFT_ACTIVE_COMPILATION_CONDITIONS = DEBUG;
				SWIFT_OPTIMIZATION_LEVEL = "-Onone";
			};
			name = Debug;
		};
		3A2CAFAC2913147F008BDF3A /* Release */ = {
			isa = XCBuildConfiguration;
			buildSettings = {
				ALWAYS_SEARCH_USER_PATHS = NO;
				CLANG_ANALYZER_NONNULL = YES;
				CLANG_ANALYZER_NUMBER_OBJECT_CONVERSION = YES_AGGRESSIVE;
				CLANG_CXX_LANGUAGE_STANDARD = "gnu++20";
				CLANG_ENABLE_MODULES = YES;
				CLANG_ENABLE_OBJC_ARC = YES;
				CLANG_ENABLE_OBJC_WEAK = YES;
				CLANG_WARN_BLOCK_CAPTURE_AUTORELEASING = YES;
				CLANG_WARN_BOOL_CONVERSION = YES;
				CLANG_WARN_COMMA = YES;
				CLANG_WARN_CONSTANT_CONVERSION = YES;
				CLANG_WARN_DEPRECATED_OBJC_IMPLEMENTATIONS = YES;
				CLANG_WARN_DIRECT_OBJC_ISA_USAGE = YES_ERROR;
				CLANG_WARN_DOCUMENTATION_COMMENTS = YES;
				CLANG_WARN_EMPTY_BODY = YES;
				CLANG_WARN_ENUM_CONVERSION = YES;
				CLANG_WARN_INFINITE_RECURSION = YES;
				CLANG_WARN_INT_CONVERSION = YES;
				CLANG_WARN_NON_LITERAL_NULL_CONVERSION = YES;
				CLANG_WARN_OBJC_IMPLICIT_RETAIN_SELF = YES;
				CLANG_WARN_OBJC_LITERAL_CONVERSION = YES;
				CLANG_WARN_OBJC_ROOT_CLASS = YES_ERROR;
				CLANG_WARN_QUOTED_INCLUDE_IN_FRAMEWORK_HEADER = YES;
				CLANG_WARN_RANGE_LOOP_ANALYSIS = YES;
				CLANG_WARN_STRICT_PROTOTYPES = YES;
				CLANG_WARN_SUSPICIOUS_MOVE = YES;
				CLANG_WARN_UNGUARDED_AVAILABILITY = YES_AGGRESSIVE;
				CLANG_WARN_UNREACHABLE_CODE = YES;
				CLANG_WARN__DUPLICATE_METHOD_MATCH = YES;
				COPY_PHASE_STRIP = NO;
				DEBUG_INFORMATION_FORMAT = "dwarf-with-dsym";
				ENABLE_NS_ASSERTIONS = NO;
				ENABLE_STRICT_OBJC_MSGSEND = YES;
				GCC_C_LANGUAGE_STANDARD = gnu11;
				GCC_NO_COMMON_BLOCKS = YES;
				GCC_WARN_64_TO_32_BIT_CONVERSION = YES;
				GCC_WARN_ABOUT_RETURN_TYPE = YES_ERROR;
				GCC_WARN_UNDECLARED_SELECTOR = YES;
				GCC_WARN_UNINITIALIZED_AUTOS = YES_AGGRESSIVE;
				GCC_WARN_UNUSED_FUNCTION = YES;
				GCC_WARN_UNUSED_VARIABLE = YES;
				IPHONEOS_DEPLOYMENT_TARGET = 16.0;
				MTL_ENABLE_DEBUG_INFO = NO;
				MTL_FAST_MATH = YES;
				SDKROOT = iphoneos;
				SWIFT_COMPILATION_MODE = wholemodule;
				SWIFT_OPTIMIZATION_LEVEL = "-O";
				VALIDATE_PRODUCT = YES;
			};
			name = Release;
		};
		3A2CAFAE2913147F008BDF3A /* Debug */ = {
			isa = XCBuildConfiguration;
			buildSettings = {
				ASSETCATALOG_COMPILER_APPICON_NAME = AppIcon;
				ASSETCATALOG_COMPILER_GLOBAL_ACCENT_COLOR_NAME = AccentColor;
				CODE_SIGN_STYLE = Automatic;
				CURRENT_PROJECT_VERSION = 1;
				DEVELOPMENT_ASSET_PATHS = "\"BurtonAndDogs/Preview Content\"";
				DEVELOPMENT_TEAM = 3476SY9424;
				ENABLE_PREVIEWS = YES;
				GENERATE_INFOPLIST_FILE = YES;
				INFOPLIST_KEY_UIApplicationSceneManifest_Generation = YES;
				INFOPLIST_KEY_UIApplicationSupportsIndirectInputEvents = YES;
				INFOPLIST_KEY_UILaunchScreen_Generation = YES;
				INFOPLIST_KEY_UISupportedInterfaceOrientations_iPad = "UIInterfaceOrientationPortrait UIInterfaceOrientationPortraitUpsideDown UIInterfaceOrientationLandscapeLeft UIInterfaceOrientationLandscapeRight";
				INFOPLIST_KEY_UISupportedInterfaceOrientations_iPhone = "UIInterfaceOrientationPortrait UIInterfaceOrientationLandscapeLeft UIInterfaceOrientationLandscapeRight";
				LD_RUNPATH_SEARCH_PATHS = (
					"$(inherited)",
					"@executable_path/Frameworks",
				);
				MARKETING_VERSION = 1.0;
				PRODUCT_BUNDLE_IDENTIFIER = asu.BurtonAndDogs;
				PRODUCT_NAME = "$(TARGET_NAME)";
				SWIFT_EMIT_LOC_STRINGS = YES;
				SWIFT_VERSION = 5.0;
				TARGETED_DEVICE_FAMILY = "1,2";
			};
			name = Debug;
		};
		3A2CAFAF2913147F008BDF3A /* Release */ = {
			isa = XCBuildConfiguration;
			buildSettings = {
				ASSETCATALOG_COMPILER_APPICON_NAME = AppIcon;
				ASSETCATALOG_COMPILER_GLOBAL_ACCENT_COLOR_NAME = AccentColor;
				CODE_SIGN_STYLE = Automatic;
				CURRENT_PROJECT_VERSION = 1;
				DEVELOPMENT_ASSET_PATHS = "\"BurtonAndDogs/Preview Content\"";
				DEVELOPMENT_TEAM = 3476SY9424;
				ENABLE_PREVIEWS = YES;
				GENERATE_INFOPLIST_FILE = YES;
				INFOPLIST_KEY_UIApplicationSceneManifest_Generation = YES;
				INFOPLIST_KEY_UIApplicationSupportsIndirectInputEvents = YES;
				INFOPLIST_KEY_UILaunchScreen_Generation = YES;
				INFOPLIST_KEY_UISupportedInterfaceOrientations_iPad = "UIInterfaceOrientationPortrait UIInterfaceOrientationPortraitUpsideDown UIInterfaceOrientationLandscapeLeft UIInterfaceOrientationLandscapeRight";
				INFOPLIST_KEY_UISupportedInterfaceOrientations_iPhone = "UIInterfaceOrientationPortrait UIInterfaceOrientationLandscapeLeft UIInterfaceOrientationLandscapeRight";
				LD_RUNPATH_SEARCH_PATHS = (
					"$(inherited)",
					"@executable_path/Frameworks",
				);
				MARKETING_VERSION = 1.0;
				PRODUCT_BUNDLE_IDENTIFIER = asu.BurtonAndDogs;
				PRODUCT_NAME = "$(TARGET_NAME)";
				SWIFT_EMIT_LOC_STRINGS = YES;
				SWIFT_VERSION = 5.0;
				TARGETED_DEVICE_FAMILY = "1,2";
			};
			name = Release;
		};
/* End XCBuildConfiguration section */

/* Begin XCConfigurationList section */
		3A2CAF9A2913146D008BDF3A /* Build configuration list for PBXProject "BurtonAndDogs" */ = {
			isa = XCConfigurationList;
			buildConfigurations = (
				3A2CAFAB2913147F008BDF3A /* Debug */,
				3A2CAFAC2913147F008BDF3A /* Release */,
			);
			defaultConfigurationIsVisible = 0;
			defaultConfigurationName = Release;
		};
		3A2CAFAD2913147F008BDF3A /* Build configuration list for PBXNativeTarget "BurtonAndDogs" */ = {
			isa = XCConfigurationList;
			buildConfigurations = (
				3A2CAFAE2913147F008BDF3A /* Debug */,
				3A2CAFAF2913147F008BDF3A /* Release */,
			);
			defaultConfigurationIsVisible = 0;
			defaultConfigurationName = Release;
		};
/* End XCConfigurationList section */

/* Begin XCRemoteSwiftPackageReference section */
		2FE6FB0F292551EB000AC3B1 /* XCRemoteSwiftPackageReference "firebase-ios-sdk" */ = {
			isa = XCRemoteSwiftPackageReference;
			repositoryURL = "https://github.com/firebase/firebase-ios-sdk.git";
			requirement = {
				kind = upToNextMajorVersion;
				minimumVersion = 9.0.0;
			};
		};
/* End XCRemoteSwiftPackageReference section */

/* Begin XCSwiftPackageProductDependency section */
		2FE6FB10292551EC000AC3B1 /* FirebaseAuth */ = {
			isa = XCSwiftPackageProductDependency;
			package = 2FE6FB0F292551EB000AC3B1 /* XCRemoteSwiftPackageReference "firebase-ios-sdk" */;
			productName = FirebaseAuth;
		};
		2FE6FB12292551EC000AC3B1 /* FirebaseFirestore */ = {
			isa = XCSwiftPackageProductDependency;
			package = 2FE6FB0F292551EB000AC3B1 /* XCRemoteSwiftPackageReference "firebase-ios-sdk" */;
			productName = FirebaseFirestore;
		};
/* End XCSwiftPackageProductDependency section */
	};
	rootObject = 3A2CAF972913146D008BDF3A /* Project object */;
}
